
Microsoft Visual Studio Solution File, Format Version 12.00
Project("{FAE04EC0-301F-11D3-BF4B-00C04F79EFBC}") = "ProviderTests", "ProviderTests\ProviderTests.csproj", "{8C86947E-3171-48F9-B691-5B9A7F9C0062}"
EndProject
Global
	GlobalSection(SolutionConfigurationPlatforms) = preSolution
		Debug|Any CPU = Debug|Any CPU
		Release|Any CPU = Release|Any CPU
	EndGlobalSection
	GlobalSection(ProjectConfigurationPlatforms) = postSolution
		{8C86947E-3171-48F9-B691-5B9A7F9C0062}.Debug|Any CPU.ActiveCfg = Debug|Any CPU
		{8C86947E-3171-48F9-B691-5B9A7F9C0062}.Debug|Any CPU.Build.0 = Debug|Any CPU
		{8C86947E-3171-48F9-B691-5B9A7F9C0062}.Release|Any CPU.ActiveCfg = Release|Any CPU
		{8C86947E-3171-48F9-B691-5B9A7F9C0062}.Release|Any CPU.Build.0 = Release|Any CPU
	EndGlobalSection
EndGlobal
